// !$*UTF8*$!
{
	archiveVersion = 1;
	classes = {
	};
	objectVersion = 46;
	objects = {

/* Begin PBXBuildFile section */
		000D499C1A36C83400A706B6 /* CoreLocation.framework in Frameworks */ = {isa = PBXBuildFile; fileRef = 000D499B1A36C83400A706B6 /* CoreLocation.framework */; };
		000D499E1A36E31500A706B6 /* peoplemaps.png in Resources */ = {isa = PBXBuildFile; fileRef = 000D499D1A36E31500A706B6 /* peoplemaps.png */; };
		8B86266D1A32933800EEB3DF /* main.m in Sources */ = {isa = PBXBuildFile; fileRef = 8B86266C1A32933800EEB3DF /* main.m */; };
		8B8626701A32933800EEB3DF /* AppDelegate.m in Sources */ = {isa = PBXBuildFile; fileRef = 8B86266F1A32933800EEB3DF /* AppDelegate.m */; };
		8B8626731A32933800EEB3DF /* ViewController.m in Sources */ = {isa = PBXBuildFile; fileRef = 8B8626721A32933800EEB3DF /* ViewController.m */; };
		8B8626761A32933800EEB3DF /* Main.storyboard in Resources */ = {isa = PBXBuildFile; fileRef = 8B8626741A32933800EEB3DF /* Main.storyboard */; };
		8B8626781A32933800EEB3DF /* Images.xcassets in Resources */ = {isa = PBXBuildFile; fileRef = 8B8626771A32933800EEB3DF /* Images.xcassets */; };
		8B86267B1A32933800EEB3DF /* LaunchScreen.xib in Resources */ = {isa = PBXBuildFile; fileRef = 8B8626791A32933800EEB3DF /* LaunchScreen.xib */; };
		8B8626871A32933800EEB3DF /* RouteFinderTests.m in Sources */ = {isa = PBXBuildFile; fileRef = 8B8626861A32933800EEB3DF /* RouteFinderTests.m */; };
		8B8626921A32956500EEB3DF /* MapViewController.m in Sources */ = {isa = PBXBuildFile; fileRef = 8B8626911A32956500EEB3DF /* MapViewController.m */; };
		8B8626941A329D6F00EEB3DF /* MapKit.framework in Frameworks */ = {isa = PBXBuildFile; fileRef = 8B8626931A329D6F00EEB3DF /* MapKit.framework */; };
/* End PBXBuildFile section */

/* Begin PBXContainerItemProxy section */
		8B8626811A32933800EEB3DF /* PBXContainerItemProxy */ = {
			isa = PBXContainerItemProxy;
			containerPortal = 8B86265F1A32933800EEB3DF /* Project object */;
			proxyType = 1;
			remoteGlobalIDString = 8B8626661A32933800EEB3DF;
			remoteInfo = RouteFinder;
		};
/* End PBXContainerItemProxy section */

/* Begin PBXFileReference section */
		000D499B1A36C83400A706B6 /* CoreLocation.framework */ = {isa = PBXFileReference; lastKnownFileType = wrapper.framework; name = CoreLocation.framework; path = System/Library/Frameworks/CoreLocation.framework; sourceTree = SDKROOT; };
		000D499D1A36E31500A706B6 /* peoplemaps.png */ = {isa = PBXFileReference; lastKnownFileType = image.png; path = peoplemaps.png; sourceTree = "<group>"; };
		8B8626671A32933800EEB3DF /* RouteFinder.app */ = {isa = PBXFileReference; explicitFileType = wrapper.application; includeInIndex = 0; path = RouteFinder.app; sourceTree = BUILT_PRODUCTS_DIR; };
		8B86266B1A32933800EEB3DF /* Info.plist */ = {isa = PBXFileReference; lastKnownFileType = text.plist.xml; path = Info.plist; sourceTree = "<group>"; };
		8B86266C1A32933800EEB3DF /* main.m */ = {isa = PBXFileReference; lastKnownFileType = sourcecode.c.objc; path = main.m; sourceTree = "<group>"; };
		8B86266E1A32933800EEB3DF /* AppDelegate.h */ = {isa = PBXFileReference; lastKnownFileType = sourcecode.c.h; path = AppDelegate.h; sourceTree = "<group>"; };
		8B86266F1A32933800EEB3DF /* AppDelegate.m */ = {isa = PBXFileReference; lastKnownFileType = sourcecode.c.objc; path = AppDelegate.m; sourceTree = "<group>"; };
		8B8626711A32933800EEB3DF /* ViewController.h */ = {isa = PBXFileReference; lastKnownFileType = sourcecode.c.h; path = ViewController.h; sourceTree = "<group>"; };
		8B8626721A32933800EEB3DF /* ViewController.m */ = {isa = PBXFileReference; lastKnownFileType = sourcecode.c.objc; path = ViewController.m; sourceTree = "<group>"; };
		8B8626751A32933800EEB3DF /* Base */ = {isa = PBXFileReference; lastKnownFileType = file.storyboard; name = Base; path = Base.lproj/Main.storyboard; sourceTree = "<group>"; };
		8B8626771A32933800EEB3DF /* Images.xcassets */ = {isa = PBXFileReference; lastKnownFileType = folder.assetcatalog; path = Images.xcassets; sourceTree = "<group>"; };
		8B86267A1A32933800EEB3DF /* Base */ = {isa = PBXFileReference; lastKnownFileType = file.xib; name = Base; path = Base.lproj/LaunchScreen.xib; sourceTree = "<group>"; };
		8B8626801A32933800EEB3DF /* RouteFinderTests.xctest */ = {isa = PBXFileReference; explicitFileType = wrapper.cfbundle; includeInIndex = 0; path = RouteFinderTests.xctest; sourceTree = BUILT_PRODUCTS_DIR; };
		8B8626851A32933800EEB3DF /* Info.plist */ = {isa = PBXFileReference; lastKnownFileType = text.plist.xml; path = Info.plist; sourceTree = "<group>"; };
		8B8626861A32933800EEB3DF /* RouteFinderTests.m */ = {isa = PBXFileReference; lastKnownFileType = sourcecode.c.objc; path = RouteFinderTests.m; sourceTree = "<group>"; };
		8B8626901A32956500EEB3DF /* MapViewController.h */ = {isa = PBXFileReference; fileEncoding = 4; lastKnownFileType = sourcecode.c.h; path = MapViewController.h; sourceTree = "<group>"; };
		8B8626911A32956500EEB3DF /* MapViewController.m */ = {isa = PBXFileReference; fileEncoding = 4; lastKnownFileType = sourcecode.c.objc; path = MapViewController.m; sourceTree = "<group>"; };
		8B8626931A329D6F00EEB3DF /* MapKit.framework */ = {isa = PBXFileReference; lastKnownFileType = wrapper.framework; name = MapKit.framework; path = System/Library/Frameworks/MapKit.framework; sourceTree = SDKROOT; };
/* End PBXFileReference section */

/* Begin PBXFrameworksBuildPhase section */
		8B8626641A32933800EEB3DF /* Frameworks */ = {
			isa = PBXFrameworksBuildPhase;
			buildActionMask = 2147483647;
			files = (
				000D499C1A36C83400A706B6 /* CoreLocation.framework in Frameworks */,
				8B8626941A329D6F00EEB3DF /* MapKit.framework in Frameworks */,
			);
			runOnlyForDeploymentPostprocessing = 0;
		};
		8B86267D1A32933800EEB3DF /* Frameworks */ = {
			isa = PBXFrameworksBuildPhase;
			buildActionMask = 2147483647;
			files = (
			);
			runOnlyForDeploymentPostprocessing = 0;
		};
/* End PBXFrameworksBuildPhase section */

/* Begin PBXGroup section */
		8B86265E1A32933800EEB3DF = {
			isa = PBXGroup;
			children = (
				000D499B1A36C83400A706B6 /* CoreLocation.framework */,
				8B8626931A329D6F00EEB3DF /* MapKit.framework */,
				8B8626691A32933800EEB3DF /* RouteFinder */,
				8B8626831A32933800EEB3DF /* RouteFinderTests */,
				8B8626681A32933800EEB3DF /* Products */,
			);
			sourceTree = "<group>";
		};
		8B8626681A32933800EEB3DF /* Products */ = {
			isa = PBXGroup;
			children = (
				8B8626671A32933800EEB3DF /* RouteFinder.app */,
				8B8626801A32933800EEB3DF /* RouteFinderTests.xctest */,
			);
			name = Products;
			sourceTree = "<group>";
		};
		8B8626691A32933800EEB3DF /* RouteFinder */ = {
			isa = PBXGroup;
			children = (
				000D499D1A36E31500A706B6 /* peoplemaps.png */,
				8B86266E1A32933800EEB3DF /* AppDelegate.h */,
				8B86266F1A32933800EEB3DF /* AppDelegate.m */,
				8B8626711A32933800EEB3DF /* ViewController.h */,
				8B8626721A32933800EEB3DF /* ViewController.m */,
				8B8626901A32956500EEB3DF /* MapViewController.h */,
				8B8626911A32956500EEB3DF /* MapViewController.m */,
				8B8626741A32933800EEB3DF /* Main.storyboard */,
				8B8626771A32933800EEB3DF /* Images.xcassets */,
				8B8626791A32933800EEB3DF /* LaunchScreen.xib */,
				8B86266A1A32933800EEB3DF /* Supporting Files */,
			);
			path = RouteFinder;
			sourceTree = "<group>";
		};
		8B86266A1A32933800EEB3DF /* Supporting Files */ = {
			isa = PBXGroup;
			children = (
				8B86266B1A32933800EEB3DF /* Info.plist */,
				8B86266C1A32933800EEB3DF /* main.m */,
			);
			name = "Supporting Files";
			sourceTree = "<group>";
		};
		8B8626831A32933800EEB3DF /* RouteFinderTests */ = {
			isa = PBXGroup;
			children = (
				8B8626861A32933800EEB3DF /* RouteFinderTests.m */,
				8B8626841A32933800EEB3DF /* Supporting Files */,
			);
			path = RouteFinderTests;
			sourceTree = "<group>";
		};
		8B8626841A32933800EEB3DF /* Supporting Files */ = {
			isa = PBXGroup;
			children = (
				8B8626851A32933800EEB3DF /* Info.plist */,
			);
			name = "Supporting Files";
			sourceTree = "<group>";
		};
/* End PBXGroup section */

/* Begin PBXNativeTarget section */
		8B8626661A32933800EEB3DF /* RouteFinder */ = {
			isa = PBXNativeTarget;
			buildConfigurationList = 8B86268A1A32933800EEB3DF /* Build configuration list for PBXNativeTarget "RouteFinder" */;
			buildPhases = (
				8B8626631A32933800EEB3DF /* Sources */,
				8B8626641A32933800EEB3DF /* Frameworks */,
				8B8626651A32933800EEB3DF /* Resources */,
			);
			buildRules = (
			);
			dependencies = (
			);
			name = RouteFinder;
			productName = RouteFinder;
			productReference = 8B8626671A32933800EEB3DF /* RouteFinder.app */;
			productType = "com.apple.product-type.application";
		};
		8B86267F1A32933800EEB3DF /* RouteFinderTests */ = {
			isa = PBXNativeTarget;
			buildConfigurationList = 8B86268D1A32933800EEB3DF /* Build configuration list for PBXNativeTarget "RouteFinderTests" */;
			buildPhases = (
				8B86267C1A32933800EEB3DF /* Sources */,
				8B86267D1A32933800EEB3DF /* Frameworks */,
				8B86267E1A32933800EEB3DF /* Resources */,
			);
			buildRules = (
			);
			dependencies = (
				8B8626821A32933800EEB3DF /* PBXTargetDependency */,
			);
			name = RouteFinderTests;
			productName = RouteFinderTests;
			productReference = 8B8626801A32933800EEB3DF /* RouteFinderTests.xctest */;
			productType = "com.apple.product-type.bundle.unit-test";
		};
/* End PBXNativeTarget section */

/* Begin PBXProject section */
		8B86265F1A32933800EEB3DF /* Project object */ = {
			isa = PBXProject;
			attributes = {
				LastUpgradeCheck = 0610;
				ORGANIZATIONNAME = AbhiandEsha;
				TargetAttributes = {
					8B8626661A32933800EEB3DF = {
						CreatedOnToolsVersion = 6.1;
						DevelopmentTeam = WS53PNA39B;
						SystemCapabilities = {
							com.apple.BackgroundModes = {
								enabled = 1;
							};
						};
					};
					8B86267F1A32933800EEB3DF = {
						CreatedOnToolsVersion = 6.1;
						TestTargetID = 8B8626661A32933800EEB3DF;
					};
				};
			};
			buildConfigurationList = 8B8626621A32933800EEB3DF /* Build configuration list for PBXProject "RouteFinder" */;
			compatibilityVersion = "Xcode 3.2";
			developmentRegion = English;
			hasScannedForEncodings = 0;
			knownRegions = (
				en,
				Base,
			);
			mainGroup = 8B86265E1A32933800EEB3DF;
			productRefGroup = 8B8626681A32933800EEB3DF /* Products */;
			projectDirPath = "";
			projectRoot = "";
			targets = (
				8B8626661A32933800EEB3DF /* RouteFinder */,
				8B86267F1A32933800EEB3DF /* RouteFinderTests */,
			);
		};
/* End PBXProject section */

/* Begin PBXResourcesBuildPhase section */
		8B8626651A32933800EEB3DF /* Resources */ = {
			isa = PBXResourcesBuildPhase;
			buildActionMask = 2147483647;
			files = (
				8B8626761A32933800EEB3DF /* Main.storyboard in Resources */,
				8B86267B1A32933800EEB3DF /* LaunchScreen.xib in Resources */,
				8B8626781A32933800EEB3DF /* Images.xcassets in Resources */,
				000D499E1A36E31500A706B6 /* peoplemaps.png in Resources */,
			);
			runOnlyForDeploymentPostprocessing = 0;
		};
		8B86267E1A32933800EEB3DF /* Resources */ = {
			isa = PBXResourcesBuildPhase;
			buildActionMask = 2147483647;
			files = (
			);
			runOnlyForDeploymentPostprocessing = 0;
		};
/* End PBXResourcesBuildPhase section */

/* Begin PBXSourcesBuildPhase section */
		8B8626631A32933800EEB3DF /* Sources */ = {
			isa = PBXSourcesBuildPhase;
			buildActionMask = 2147483647;
			files = (
				8B8626731A32933800EEB3DF /* ViewController.m in Sources */,
				8B8626701A32933800EEB3DF /* AppDelegate.m in Sources */,
				8B86266D1A32933800EEB3DF /* main.m in Sources */,
				8B8626921A32956500EEB3DF /* MapViewController.m in Sources */,
			);
			runOnlyForDeploymentPostprocessing = 0;
		};
		8B86267C1A32933800EEB3DF /* Sources */ = {
			isa = PBXSourcesBuildPhase;
			buildActionMask = 2147483647;
			files = (
				8B8626871A32933800EEB3DF /* RouteFinderTests.m in Sources */,
			);
			runOnlyForDeploymentPostprocessing = 0;
		};
/* End PBXSourcesBuildPhase section */

/* Begin PBXTargetDependency section */
		8B8626821A32933800EEB3DF /* PBXTargetDependency */ = {
			isa = PBXTargetDependency;
			target = 8B8626661A32933800EEB3DF /* RouteFinder */;
			targetProxy = 8B8626811A32933800EEB3DF /* PBXContainerItemProxy */;
		};
/* End PBXTargetDependency section */

/* Begin PBXVariantGroup section */
		8B8626741A32933800EEB3DF /* Main.storyboard */ = {
			isa = PBXVariantGroup;
			children = (
				8B8626751A32933800EEB3DF /* Base */,
			);
			name = Main.storyboard;
			sourceTree = "<group>";
		};
		8B8626791A32933800EEB3DF /* LaunchScreen.xib */ = {
			isa = PBXVariantGroup;
			children = (
				8B86267A1A32933800EEB3DF /* Base */,
			);
			name = LaunchScreen.xib;
			sourceTree = "<group>";
		};
/* End PBXVariantGroup section */

/* Begin XCBuildConfiguration section */
		8B8626881A32933800EEB3DF /* Debug */ = {
			isa = XCBuildConfiguration;
			buildSettings = {
				ALWAYS_SEARCH_USER_PATHS = NO;
				CLANG_CXX_LANGUAGE_STANDARD = "gnu++0x";
				CLANG_CXX_LIBRARY = "libc++";
				CLANG_ENABLE_MODULES = YES;
				CLANG_ENABLE_OBJC_ARC = YES;
				CLANG_WARN_BOOL_CONVERSION = YES;
				CLANG_WARN_CONSTANT_CONVERSION = YES;
				CLANG_WARN_DIRECT_OBJC_ISA_USAGE = YES_ERROR;
				CLANG_WARN_EMPTY_BODY = YES;
				CLANG_WARN_ENUM_CONVERSION = YES;
				CLANG_WARN_INT_CONVERSION = YES;
				CLANG_WARN_OBJC_ROOT_CLASS = YES_ERROR;
				CLANG_WARN_UNREACHABLE_CODE = YES;
				CLANG_WARN__DUPLICATE_METHOD_MATCH = YES;
				"CODE_SIGN_IDENTITY[sdk=iphoneos*]" = "iPhone Developer";
				COPY_PHASE_STRIP = NO;
				ENABLE_STRICT_OBJC_MSGSEND = YES;
				GCC_C_LANGUAGE_STANDARD = gnu99;
				GCC_DYNAMIC_NO_PIC = NO;
				GCC_OPTIMIZATION_LEVEL = 0;
				GCC_PREPROCESSOR_DEFINITIONS = (
					"DEBUG=1",
					"$(inherited)",
				);
				GCC_SYMBOLS_PRIVATE_EXTERN = NO;
				GCC_WARN_64_TO_32_BIT_CONVERSION = YES;
				GCC_WARN_ABOUT_RETURN_TYPE = YES_ERROR;
				GCC_WARN_UNDECLARED_SELECTOR = YES;
				GCC_WARN_UNINITIALIZED_AUTOS = YES_AGGRESSIVE;
				GCC_WARN_UNUSED_FUNCTION = YES;
				GCC_WARN_UNUSED_VARIABLE = YES;
				IPHONEOS_DEPLOYMENT_TARGET = 8.1;
				MTL_ENABLE_DEBUG_INFO = YES;
				ONLY_ACTIVE_ARCH = YES;
				SDKROOT = iphoneos;
			};
			name = Debug;
		};
		8B8626891A32933800EEB3DF /* Release */ = {
			isa = XCBuildConfiguration;
			buildSettings = {
				ALWAYS_SEARCH_USER_PATHS = NO;
				CLANG_CXX_LANGUAGE_STANDARD = "gnu++0x";
				CLANG_CXX_LIBRARY = "libc++";
				CLANG_ENABLE_MODULES = YES;
				CLANG_ENABLE_OBJC_ARC = YES;
				CLANG_WARN_BOOL_CONVERSION = YES;
				CLANG_WARN_CONSTANT_CONVERSION = YES;
				CLANG_WARN_DIRECT_OBJC_ISA_USAGE = YES_ERROR;
				CLANG_WARN_EMPTY_BODY = YES;
				CLANG_WARN_ENUM_CONVERSION = YES;
				CLANG_WARN_INT_CONVERSION = YES;
				CLANG_WARN_OBJC_ROOT_CLASS = YES_ERROR;
				CLANG_WARN_UNREACHABLE_CODE = YES;
				CLANG_WARN__DUPLICATE_METHOD_MATCH = YES;
				"CODE_SIGN_IDENTITY[sdk=iphoneos*]" = "iPhone Developer";
				COPY_PHASE_STRIP = YES;
				ENABLE_NS_ASSERTIONS = NO;
				ENABLE_STRICT_OBJC_MSGSEND = YES;
				GCC_C_LANGUAGE_STANDARD = gnu99;
				GCC_WARN_64_TO_32_BIT_CONVERSION = YES;
				GCC_WARN_ABOUT_RETURN_TYPE = YES_ERROR;
				GCC_WARN_UNDECLARED_SELECTOR = YES;
				GCC_WARN_UNINITIALIZED_AUTOS = YES_AGGRESSIVE;
				GCC_WARN_UNUSED_FUNCTION = YES;
				GCC_WARN_UNUSED_VARIABLE = YES;
				IPHONEOS_DEPLOYMENT_TARGET = 8.1;
				MTL_ENABLE_DEBUG_INFO = NO;
				SDKROOT = iphoneos;
				VALIDATE_PRODUCT = YES;
			};
			name = Release;
		};
		8B86268B1A32933800EEB3DF /* Debug */ = {
			isa = XCBuildConfiguration;
			buildSettings = {
				ASSETCATALOG_COMPILER_APPICON_NAME = AppIcon;
				CODE_SIGN_IDENTITY = "iPhone Developer";
				INFOPLIST_FILE = RouteFinder/Info.plist;
				LD_RUNPATH_SEARCH_PATHS = "$(inherited) @executable_path/Frameworks";
				PRODUCT_NAME = "$(TARGET_NAME)";
			};
			name = Debug;
		};
		8B86268C1A32933800EEB3DF /* Release */ = {
			isa = XCBuildConfiguration;
			buildSettings = {
				ASSETCATALOG_COMPILER_APPICON_NAME = AppIcon;
				INFOPLIST_FILE = RouteFinder/Info.plist;
				LD_RUNPATH_SEARCH_PATHS = "$(inherited) @executable_path/Frameworks";
				PRODUCT_NAME = "$(TARGET_NAME)";
			};
			name = Release;
		};
		8B86268E1A32933800EEB3DF /* Debug */ = {
			isa = XCBuildConfiguration;
			buildSettings = {
				BUNDLE_LOADER = "$(TEST_HOST)";
				FRAMEWORK_SEARCH_PATHS = (
					"$(SDKROOT)/Developer/Library/Frameworks",
					"$(inherited)",
				);
				GCC_PREPROCESSOR_DEFINITIONS = (
					"DEBUG=1",
					"$(inherited)",
				);
				INFOPLIST_FILE = RouteFinderTests/Info.plist;
				LD_RUNPATH_SEARCH_PATHS = "$(inherited) @executable_path/Frameworks @loader_path/Frameworks";
				PRODUCT_NAME = "$(TARGET_NAME)";
				TEST_HOST = "$(BUILT_PRODUCTS_DIR)/RouteFinder.app/RouteFinder";
			};
			name = Debug;
		};
		8B86268F1A32933800EEB3DF /* Release */ = {
			isa = XCBuildConfiguration;
			buildSettings = {
				BUNDLE_LOADER = "$(TEST_HOST)";
				FRAMEWORK_SEARCH_PATHS = (
					"$(SDKROOT)/Developer/Library/Frameworks",
					"$(inherited)",
				);
				INFOPLIST_FILE = RouteFinderTests/Info.plist;
				LD_RUNPATH_SEARCH_PATHS = "$(inherited) @executable_path/Frameworks @loader_path/Frameworks";
				PRODUCT_NAME = "$(TARGET_NAME)";
				TEST_HOST = "$(BUILT_PRODUCTS_DIR)/RouteFinder.app/RouteFinder";
			};
			name = Release;
		};
/* End XCBuildConfiguration section */

/* Begin XCConfigurationList section */
		8B8626621A32933800EEB3DF /* Build configuration list for PBXProject "RouteFinder" */ = {
			isa = XCConfigurationList;
			buildConfigurations = (
				8B8626881A32933800EEB3DF /* Debug */,
				8B8626891A32933800EEB3DF /* Release */,
			);
			defaultConfigurationIsVisible = 0;
			defaultConfigurationName = Release;
		};
		8B86268A1A32933800EEB3DF /* Build configuration list for PBXNativeTarget "RouteFinder" */ = {
			isa = XCConfigurationList;
			buildConfigurations = (
				8B86268B1A32933800EEB3DF /* Debug */,
				8B86268C1A32933800EEB3DF /* Release */,
			);
			defaultConfigurationIsVisible = 0;
			defaultConfigurationName = Release;
		};
		8B86268D1A32933800EEB3DF /* Build configuration list for PBXNativeTarget "RouteFinderTests" */ = {
			isa = XCConfigurationList;
			buildConfigurations = (
				8B86268E1A32933800EEB3DF /* Debug */,
				8B86268F1A32933800EEB3DF /* Release */,
			);
			defaultConfigurationIsVisible = 0;
			defaultConfigurationName = Release;
		};
/* End XCConfigurationList section */
	};
	rootObject = 8B86265F1A32933800EEB3DF /* Project object */;
}
